
Microsoft Visual Studio Solution File, Format Version 12.00
# Visual Studio Version 16
VisualStudioVersion = 16.0.31321.278
MinimumVisualStudioVersion = 10.0.40219.1
Project("{D954291E-2A0B-460D-934E-DC6B0785DB48}") = "GagerApp.Manager.Shared", "GagerApp.Manager\GagerApp.Manager.Shared\GagerApp.Manager.Shared.shproj", "{6279C845-92F8-4333-AB99-3D213163593C}"
EndProject
Project("{2150E333-8FDC-42A3-9474-1A3956D46DE8}") = "Platforms", "Platforms", "{29DE0D58-B47C-4987-AB00-6E5588484113}"
EndProject
Project("{FAE04EC0-301F-11D3-BF4B-00C04F79EFBC}") = "GagerApp.Manager.UWP", "GagerApp.Manager\GagerApp.Manager.UWP\GagerApp.Manager.UWP.csproj", "{90BDFC0C-C30E-4878-A6E3-C1A914C42D4C}"
EndProject
Project("{FAE04EC0-301F-11D3-BF4B-00C04F79EFBC}") = "GagerApp.Manager.Wasm", "GagerApp.Manager\GagerApp.Manager.Wasm\GagerApp.Manager.Wasm.csproj", "{81FE307D-2221-4CEF-9F70-AE16211B47BC}"
EndProject
Project("{9A19103F-16F7-4668-BE54-9A1E7A4F7556}") = "GagerApp.Core", "GagerApp.Core\GagerApp.Core.csproj", "{07F7B4CC-E66E-48F2-BE06-8C1C42789870}"
EndProject
Project("{9A19103F-16F7-4668-BE54-9A1E7A4F7556}") = "GagerApp.Model", "GagerApp.Model\GagerApp.Model.csproj", "{E9E1B65A-D98E-4246-A254-0CA59FAE4A99}"
EndProject
Global
	GlobalSection(SharedMSBuildProjectFiles) = preSolution
		GagerApp.Manager\GagerApp.Manager.Shared\GagerApp.Manager.Shared.projitems*{6279c845-92f8-4333-ab99-3d213163593c}*SharedItemsImports = 13
		GagerApp.Manager\GagerApp.Manager.Shared\GagerApp.Manager.Shared.projitems*{81fe307d-2221-4cef-9f70-ae16211b47bc}*SharedItemsImports = 5
		GagerApp.Manager\GagerApp.Manager.Shared\GagerApp.Manager.Shared.projitems*{90bdfc0c-c30e-4878-a6e3-c1a914c42d4c}*SharedItemsImports = 4
	EndGlobalSection
	GlobalSection(SolutionConfigurationPlatforms) = preSolution
		Ad-Hoc|Any CPU = Ad-Hoc|Any CPU
		Ad-Hoc|ARM = Ad-Hoc|ARM
		Ad-Hoc|ARM64 = Ad-Hoc|ARM64
		Ad-Hoc|iPhone = Ad-Hoc|iPhone
		Ad-Hoc|iPhoneSimulator = Ad-Hoc|iPhoneSimulator
		Ad-Hoc|x64 = Ad-Hoc|x64
		Ad-Hoc|x86 = Ad-Hoc|x86
		AppStore|Any CPU = AppStore|Any CPU
		AppStore|ARM = AppStore|ARM
		AppStore|ARM64 = AppStore|ARM64
		AppStore|iPhone = AppStore|iPhone
		AppStore|iPhoneSimulator = AppStore|iPhoneSimulator
		AppStore|x64 = AppStore|x64
		AppStore|x86 = AppStore|x86
		Debug|Any CPU = Debug|Any CPU
		Debug|ARM = Debug|ARM
		Debug|ARM64 = Debug|ARM64
		Debug|iPhone = Debug|iPhone
		Debug|iPhoneSimulator = Debug|iPhoneSimulator
		Debug|x64 = Debug|x64
		Debug|x86 = Debug|x86
		Release|Any CPU = Release|Any CPU
		Release|ARM = Release|ARM
		Release|ARM64 = Release|ARM64
		Release|iPhone = Release|iPhone
		Release|iPhoneSimulator = Release|iPhoneSimulator
		Release|x64 = Release|x64
		Release|x86 = Release|x86
	EndGlobalSection
	GlobalSection(ProjectConfigurationPlatforms) = postSolution
		{90BDFC0C-C30E-4878-A6E3-C1A914C42D4C}.Ad-Hoc|Any CPU.ActiveCfg = Debug|x86
		{90BDFC0C-C30E-4878-A6E3-C1A914C42D4C}.Ad-Hoc|Any CPU.Build.0 = Debug|x86
		{90BDFC0C-C30E-4878-A6E3-C1A914C42D4C}.Ad-Hoc|Any CPU.Deploy.0 = Debug|x86
		{90BDFC0C-C30E-4878-A6E3-C1A914C42D4C}.Ad-Hoc|ARM.ActiveCfg = Debug|ARM
		{90BDFC0C-C30E-4878-A6E3-C1A914C42D4C}.Ad-Hoc|ARM.Build.0 = Debug|ARM
		{90BDFC0C-C30E-4878-A6E3-C1A914C42D4C}.Ad-Hoc|ARM.Deploy.0 = Debug|ARM
		{90BDFC0C-C30E-4878-A6E3-C1A914C42D4C}.Ad-Hoc|ARM64.ActiveCfg = Debug|ARM64
		{90BDFC0C-C30E-4878-A6E3-C1A914C42D4C}.Ad-Hoc|ARM64.Build.0 = Debug|ARM64
		{90BDFC0C-C30E-4878-A6E3-C1A914C42D4C}.Ad-Hoc|ARM64.Deploy.0 = Debug|ARM64
		{90BDFC0C-C30E-4878-A6E3-C1A914C42D4C}.Ad-Hoc|iPhone.ActiveCfg = Debug|x86
		{90BDFC0C-C30E-4878-A6E3-C1A914C42D4C}.Ad-Hoc|iPhone.Build.0 = Debug|x86
		{90BDFC0C-C30E-4878-A6E3-C1A914C42D4C}.Ad-Hoc|iPhone.Deploy.0 = Debug|x86
		{90BDFC0C-C30E-4878-A6E3-C1A914C42D4C}.Ad-Hoc|iPhoneSimulator.ActiveCfg = Debug|x86
		{90BDFC0C-C30E-4878-A6E3-C1A914C42D4C}.Ad-Hoc|iPhoneSimulator.Build.0 = Debug|x86
		{90BDFC0C-C30E-4878-A6E3-C1A914C42D4C}.Ad-Hoc|iPhoneSimulator.Deploy.0 = Debug|x86
		{90BDFC0C-C30E-4878-A6E3-C1A914C42D4C}.Ad-Hoc|x64.ActiveCfg = Debug|x64
		{90BDFC0C-C30E-4878-A6E3-C1A914C42D4C}.Ad-Hoc|x64.Build.0 = Debug|x64
		{90BDFC0C-C30E-4878-A6E3-C1A914C42D4C}.Ad-Hoc|x64.Deploy.0 = Debug|x64
		{90BDFC0C-C30E-4878-A6E3-C1A914C42D4C}.Ad-Hoc|x86.ActiveCfg = Debug|x86
		{90BDFC0C-C30E-4878-A6E3-C1A914C42D4C}.Ad-Hoc|x86.Build.0 = Debug|x86
		{90BDFC0C-C30E-4878-A6E3-C1A914C42D4C}.Ad-Hoc|x86.Deploy.0 = Debug|x86
		{90BDFC0C-C30E-4878-A6E3-C1A914C42D4C}.AppStore|Any CPU.ActiveCfg = Debug|x86
		{90BDFC0C-C30E-4878-A6E3-C1A914C42D4C}.AppStore|Any CPU.Build.0 = Debug|x86
		{90BDFC0C-C30E-4878-A6E3-C1A914C42D4C}.AppStore|Any CPU.Deploy.0 = Debug|x86
		{90BDFC0C-C30E-4878-A6E3-C1A914C42D4C}.AppStore|ARM.ActiveCfg = Debug|ARM
		{90BDFC0C-C30E-4878-A6E3-C1A914C42D4C}.AppStore|ARM.Build.0 = Debug|ARM
		{90BDFC0C-C30E-4878-A6E3-C1A914C42D4C}.AppStore|ARM.Deploy.0 = Debug|ARM
		{90BDFC0C-C30E-4878-A6E3-C1A914C42D4C}.AppStore|ARM64.ActiveCfg = Debug|ARM64
		{90BDFC0C-C30E-4878-A6E3-C1A914C42D4C}.AppStore|ARM64.Build.0 = Debug|ARM64
		{90BDFC0C-C30E-4878-A6E3-C1A914C42D4C}.AppStore|ARM64.Deploy.0 = Debug|ARM64
		{90BDFC0C-C30E-4878-A6E3-C1A914C42D4C}.AppStore|iPhone.ActiveCfg = Debug|x86
		{90BDFC0C-C30E-4878-A6E3-C1A914C42D4C}.AppStore|iPhone.Build.0 = Debug|x86
		{90BDFC0C-C30E-4878-A6E3-C1A914C42D4C}.AppStore|iPhone.Deploy.0 = Debug|x86
		{90BDFC0C-C30E-4878-A6E3-C1A914C42D4C}.AppStore|iPhoneSimulator.ActiveCfg = Debug|x86
		{90BDFC0C-C30E-4878-A6E3-C1A914C42D4C}.AppStore|iPhoneSimulator.Build.0 = Debug|x86
		{90BDFC0C-C30E-4878-A6E3-C1A914C42D4C}.AppStore|iPhoneSimulator.Deploy.0 = Debug|x86
		{90BDFC0C-C30E-4878-A6E3-C1A914C42D4C}.AppStore|x64.ActiveCfg = Debug|x64
		{90BDFC0C-C30E-4878-A6E3-C1A914C42D4C}.AppStore|x64.Build.0 = Debug|x64
		{90BDFC0C-C30E-4878-A6E3-C1A914C42D4C}.AppStore|x64.Deploy.0 = Debug|x64
		{90BDFC0C-C30E-4878-A6E3-C1A914C42D4C}.AppStore|x86.ActiveCfg = Debug|x86
		{90BDFC0C-C30E-4878-A6E3-C1A914C42D4C}.AppStore|x86.Build.0 = Debug|x86
		{90BDFC0C-C30E-4878-A6E3-C1A914C42D4C}.AppStore|x86.Deploy.0 = Debug|x86
		{90BDFC0C-C30E-4878-A6E3-C1A914C42D4C}.Debug|Any CPU.ActiveCfg = Debug|x86
		{90BDFC0C-C30E-4878-A6E3-C1A914C42D4C}.Debug|Any CPU.Build.0 = Debug|x86
		{90BDFC0C-C30E-4878-A6E3-C1A914C42D4C}.Debug|Any CPU.Deploy.0 = Debug|x86
		{90BDFC0C-C30E-4878-A6E3-C1A914C42D4C}.Debug|ARM.ActiveCfg = Debug|ARM
		{90BDFC0C-C30E-4878-A6E3-C1A914C42D4C}.Debug|ARM.Build.0 = Debug|ARM
		{90BDFC0C-C30E-4878-A6E3-C1A914C42D4C}.Debug|ARM.Deploy.0 = Debug|ARM
		{90BDFC0C-C30E-4878-A6E3-C1A914C42D4C}.Debug|ARM64.ActiveCfg = Debug|ARM64
		{90BDFC0C-C30E-4878-A6E3-C1A914C42D4C}.Debug|ARM64.Build.0 = Debug|ARM64
		{90BDFC0C-C30E-4878-A6E3-C1A914C42D4C}.Debug|ARM64.Deploy.0 = Debug|ARM64
		{90BDFC0C-C30E-4878-A6E3-C1A914C42D4C}.Debug|iPhone.ActiveCfg = Debug|x86
		{90BDFC0C-C30E-4878-A6E3-C1A914C42D4C}.Debug|iPhoneSimulator.ActiveCfg = Debug|x86
		{90BDFC0C-C30E-4878-A6E3-C1A914C42D4C}.Debug|x64.ActiveCfg = Debug|x64
		{90BDFC0C-C30E-4878-A6E3-C1A914C42D4C}.Debug|x64.Build.0 = Debug|x64
		{90BDFC0C-C30E-4878-A6E3-C1A914C42D4C}.Debug|x64.Deploy.0 = Debug|x64
		{90BDFC0C-C30E-4878-A6E3-C1A914C42D4C}.Debug|x86.ActiveCfg = Debug|x86
		{90BDFC0C-C30E-4878-A6E3-C1A914C42D4C}.Debug|x86.Build.0 = Debug|x86
		{90BDFC0C-C30E-4878-A6E3-C1A914C42D4C}.Debug|x86.Deploy.0 = Debug|x86
		{90BDFC0C-C30E-4878-A6E3-C1A914C42D4C}.Release|Any CPU.ActiveCfg = Release|x86
		{90BDFC0C-C30E-4878-A6E3-C1A914C42D4C}.Release|ARM.ActiveCfg = Release|ARM
		{90BDFC0C-C30E-4878-A6E3-C1A914C42D4C}.Release|ARM.Build.0 = Release|ARM
		{90BDFC0C-C30E-4878-A6E3-C1A914C42D4C}.Release|ARM.Deploy.0 = Release|ARM
		{90BDFC0C-C30E-4878-A6E3-C1A914C42D4C}.Release|ARM64.ActiveCfg = Release|ARM64
		{90BDFC0C-C30E-4878-A6E3-C1A914C42D4C}.Release|ARM64.Build.0 = Release|ARM64
		{90BDFC0C-C30E-4878-A6E3-C1A914C42D4C}.Release|ARM64.Deploy.0 = Release|ARM64
		{90BDFC0C-C30E-4878-A6E3-C1A914C42D4C}.Release|iPhone.ActiveCfg = Release|x86
		{90BDFC0C-C30E-4878-A6E3-C1A914C42D4C}.Release|iPhoneSimulator.ActiveCfg = Release|x86
		{90BDFC0C-C30E-4878-A6E3-C1A914C42D4C}.Release|x64.ActiveCfg = Release|x64
		{90BDFC0C-C30E-4878-A6E3-C1A914C42D4C}.Release|x64.Build.0 = Release|x64
		{90BDFC0C-C30E-4878-A6E3-C1A914C42D4C}.Release|x64.Deploy.0 = Release|x64
		{90BDFC0C-C30E-4878-A6E3-C1A914C42D4C}.Release|x86.ActiveCfg = Release|x86
		{90BDFC0C-C30E-4878-A6E3-C1A914C42D4C}.Release|x86.Build.0 = Release|x86
		{90BDFC0C-C30E-4878-A6E3-C1A914C42D4C}.Release|x86.Deploy.0 = Release|x86
		{81FE307D-2221-4CEF-9F70-AE16211B47BC}.Ad-Hoc|Any CPU.ActiveCfg = Debug|Any CPU
		{81FE307D-2221-4CEF-9F70-AE16211B47BC}.Ad-Hoc|Any CPU.Build.0 = Debug|Any CPU
		{81FE307D-2221-4CEF-9F70-AE16211B47BC}.Ad-Hoc|ARM.ActiveCfg = Debug|Any CPU
		{81FE307D-2221-4CEF-9F70-AE16211B47BC}.Ad-Hoc|ARM.Build.0 = Debug|Any CPU
		{81FE307D-2221-4CEF-9F70-AE16211B47BC}.Ad-Hoc|ARM64.ActiveCfg = Debug|Any CPU
		{81FE307D-2221-4CEF-9F70-AE16211B47BC}.Ad-Hoc|ARM64.Build.0 = Debug|Any CPU
		{81FE307D-2221-4CEF-9F70-AE16211B47BC}.Ad-Hoc|iPhone.ActiveCfg = Debug|Any CPU
		{81FE307D-2221-4CEF-9F70-AE16211B47BC}.Ad-Hoc|iPhone.Build.0 = Debug|Any CPU
		{81FE307D-2221-4CEF-9F70-AE16211B47BC}.Ad-Hoc|iPhoneSimulator.ActiveCfg = Debug|Any CPU
		{81FE307D-2221-4CEF-9F70-AE16211B47BC}.Ad-Hoc|iPhoneSimulator.Build.0 = Debug|Any CPU
		{81FE307D-2221-4CEF-9F70-AE16211B47BC}.Ad-Hoc|x64.ActiveCfg = Debug|Any CPU
		{81FE307D-2221-4CEF-9F70-AE16211B47BC}.Ad-Hoc|x64.Build.0 = Debug|Any CPU
		{81FE307D-2221-4CEF-9F70-AE16211B47BC}.Ad-Hoc|x86.ActiveCfg = Debug|Any CPU
		{81FE307D-2221-4CEF-9F70-AE16211B47BC}.Ad-Hoc|x86.Build.0 = Debug|Any CPU
		{81FE307D-2221-4CEF-9F70-AE16211B47BC}.AppStore|Any CPU.ActiveCfg = Debug|Any CPU
		{81FE307D-2221-4CEF-9F70-AE16211B47BC}.AppStore|Any CPU.Build.0 = Debug|Any CPU
		{81FE307D-2221-4CEF-9F70-AE16211B47BC}.AppStore|ARM.ActiveCfg = Debug|Any CPU
		{81FE307D-2221-4CEF-9F70-AE16211B47BC}.AppStore|ARM.Build.0 = Debug|Any CPU
		{81FE307D-2221-4CEF-9F70-AE16211B47BC}.AppStore|ARM64.ActiveCfg = Debug|Any CPU
		{81FE307D-2221-4CEF-9F70-AE16211B47BC}.AppStore|ARM64.Build.0 = Debug|Any CPU
		{81FE307D-2221-4CEF-9F70-AE16211B47BC}.AppStore|iPhone.ActiveCfg = Debug|Any CPU
		{81FE307D-2221-4CEF-9F70-AE16211B47BC}.AppStore|iPhone.Build.0 = Debug|Any CPU
		{81FE307D-2221-4CEF-9F70-AE16211B47BC}.AppStore|iPhoneSimulator.ActiveCfg = Debug|Any CPU
		{81FE307D-2221-4CEF-9F70-AE16211B47BC}.AppStore|iPhoneSimulator.Build.0 = Debug|Any CPU
		{81FE307D-2221-4CEF-9F70-AE16211B47BC}.AppStore|x64.ActiveCfg = Debug|Any CPU
		{81FE307D-2221-4CEF-9F70-AE16211B47BC}.AppStore|x64.Build.0 = Debug|Any CPU
		{81FE307D-2221-4CEF-9F70-AE16211B47BC}.AppStore|x86.ActiveCfg = Debug|Any CPU
		{81FE307D-2221-4CEF-9F70-AE16211B47BC}.AppStore|x86.Build.0 = Debug|Any CPU
		{81FE307D-2221-4CEF-9F70-AE16211B47BC}.Debug|Any CPU.ActiveCfg = Debug|Any CPU
		{81FE307D-2221-4CEF-9F70-AE16211B47BC}.Debug|Any CPU.Build.0 = Debug|Any CPU
		{81FE307D-2221-4CEF-9F70-AE16211B47BC}.Debug|ARM.ActiveCfg = Debug|Any CPU
		{81FE307D-2221-4CEF-9F70-AE16211B47BC}.Debug|ARM.Build.0 = Debug|Any CPU
		{81FE307D-2221-4CEF-9F70-AE16211B47BC}.Debug|ARM64.ActiveCfg = Debug|Any CPU
		{81FE307D-2221-4CEF-9F70-AE16211B47BC}.Debug|ARM64.Build.0 = Debug|Any CPU
		{81FE307D-2221-4CEF-9F70-AE16211B47BC}.Debug|iPhone.ActiveCfg = Debug|Any CPU
		{81FE307D-2221-4CEF-9F70-AE16211B47BC}.Debug|iPhone.Build.0 = Debug|Any CPU
		{81FE307D-2221-4CEF-9F70-AE16211B47BC}.Debug|iPhoneSimulator.ActiveCfg = Debug|Any CPU
		{81FE307D-2221-4CEF-9F70-AE16211B47BC}.Debug|iPhoneSimulator.Build.0 = Debug|Any CPU
		{81FE307D-2221-4CEF-9F70-AE16211B47BC}.Debug|x64.ActiveCfg = Debug|Any CPU
		{81FE307D-2221-4CEF-9F70-AE16211B47BC}.Debug|x64.Build.0 = Debug|Any CPU
		{81FE307D-2221-4CEF-9F70-AE16211B47BC}.Debug|x86.ActiveCfg = Debug|Any CPU
		{81FE307D-2221-4CEF-9F70-AE16211B47BC}.Debug|x86.Build.0 = Debug|Any CPU
		{81FE307D-2221-4CEF-9F70-AE16211B47BC}.Release|Any CPU.ActiveCfg = Release|Any CPU
		{81FE307D-2221-4CEF-9F70-AE16211B47BC}.Release|Any CPU.Build.0 = Release|Any CPU
		{81FE307D-2221-4CEF-9F70-AE16211B47BC}.Release|ARM.ActiveCfg = Release|Any CPU
		{81FE307D-2221-4CEF-9F70-AE16211B47BC}.Release|ARM.Build.0 = Release|Any CPU
		{81FE307D-2221-4CEF-9F70-AE16211B47BC}.Release|ARM64.ActiveCfg = Release|Any CPU
		{81FE307D-2221-4CEF-9F70-AE16211B47BC}.Release|ARM64.Build.0 = Release|Any CPU
		{81FE307D-2221-4CEF-9F70-AE16211B47BC}.Release|iPhone.ActiveCfg = Release|Any CPU
		{81FE307D-2221-4CEF-9F70-AE16211B47BC}.Release|iPhone.Build.0 = Release|Any CPU
		{81FE307D-2221-4CEF-9F70-AE16211B47BC}.Release|iPhoneSimulator.ActiveCfg = Release|Any CPU
		{81FE307D-2221-4CEF-9F70-AE16211B47BC}.Release|iPhoneSimulator.Build.0 = Release|Any CPU
		{81FE307D-2221-4CEF-9F70-AE16211B47BC}.Release|x64.ActiveCfg = Release|Any CPU
		{81FE307D-2221-4CEF-9F70-AE16211B47BC}.Release|x64.Build.0 = Release|Any CPU
		{81FE307D-2221-4CEF-9F70-AE16211B47BC}.Release|x86.ActiveCfg = Release|Any CPU
		{81FE307D-2221-4CEF-9F70-AE16211B47BC}.Release|x86.Build.0 = Release|Any CPU
		{07F7B4CC-E66E-48F2-BE06-8C1C42789870}.Ad-Hoc|Any CPU.ActiveCfg = Debug|Any CPU
		{07F7B4CC-E66E-48F2-BE06-8C1C42789870}.Ad-Hoc|Any CPU.Build.0 = Debug|Any CPU
		{07F7B4CC-E66E-48F2-BE06-8C1C42789870}.Ad-Hoc|ARM.ActiveCfg = Debug|Any CPU
		{07F7B4CC-E66E-48F2-BE06-8C1C42789870}.Ad-Hoc|ARM.Build.0 = Debug|Any CPU
		{07F7B4CC-E66E-48F2-BE06-8C1C42789870}.Ad-Hoc|ARM64.ActiveCfg = Debug|Any CPU
		{07F7B4CC-E66E-48F2-BE06-8C1C42789870}.Ad-Hoc|ARM64.Build.0 = Debug|Any CPU
		{07F7B4CC-E66E-48F2-BE06-8C1C42789870}.Ad-Hoc|iPhone.ActiveCfg = Debug|Any CPU
		{07F7B4CC-E66E-48F2-BE06-8C1C42789870}.Ad-Hoc|iPhone.Build.0 = Debug|Any CPU
		{07F7B4CC-E66E-48F2-BE06-8C1C42789870}.Ad-Hoc|iPhoneSimulator.ActiveCfg = Debug|Any CPU
		{07F7B4CC-E66E-48F2-BE06-8C1C42789870}.Ad-Hoc|iPhoneSimulator.Build.0 = Debug|Any CPU
		{07F7B4CC-E66E-48F2-BE06-8C1C42789870}.Ad-Hoc|x64.ActiveCfg = Debug|Any CPU
		{07F7B4CC-E66E-48F2-BE06-8C1C42789870}.Ad-Hoc|x64.Build.0 = Debug|Any CPU
		{07F7B4CC-E66E-48F2-BE06-8C1C42789870}.Ad-Hoc|x86.ActiveCfg = Debug|Any CPU
		{07F7B4CC-E66E-48F2-BE06-8C1C42789870}.Ad-Hoc|x86.Build.0 = Debug|Any CPU
		{07F7B4CC-E66E-48F2-BE06-8C1C42789870}.AppStore|Any CPU.ActiveCfg = Debug|Any CPU
		{07F7B4CC-E66E-48F2-BE06-8C1C42789870}.AppStore|Any CPU.Build.0 = Debug|Any CPU
		{07F7B4CC-E66E-48F2-BE06-8C1C42789870}.AppStore|ARM.ActiveCfg = Debug|Any CPU
		{07F7B4CC-E66E-48F2-BE06-8C1C42789870}.AppStore|ARM.Build.0 = Debug|Any CPU
		{07F7B4CC-E66E-48F2-BE06-8C1C42789870}.AppStore|ARM64.ActiveCfg = Debug|Any CPU
		{07F7B4CC-E66E-48F2-BE06-8C1C42789870}.AppStore|ARM64.Build.0 = Debug|Any CPU
		{07F7B4CC-E66E-48F2-BE06-8C1C42789870}.AppStore|iPhone.ActiveCfg = Debug|Any CPU
		{07F7B4CC-E66E-48F2-BE06-8C1C42789870}.AppStore|iPhone.Build.0 = Debug|Any CPU
		{07F7B4CC-E66E-48F2-BE06-8C1C42789870}.AppStore|iPhoneSimulator.ActiveCfg = Debug|Any CPU
		{07F7B4CC-E66E-48F2-BE06-8C1C42789870}.AppStore|iPhoneSimulator.Build.0 = Debug|Any CPU
		{07F7B4CC-E66E-48F2-BE06-8C1C42789870}.AppStore|x64.ActiveCfg = Debug|Any CPU
		{07F7B4CC-E66E-48F2-BE06-8C1C42789870}.AppStore|x64.Build.0 = Debug|Any CPU
		{07F7B4CC-E66E-48F2-BE06-8C1C42789870}.AppStore|x86.ActiveCfg = Debug|Any CPU
		{07F7B4CC-E66E-48F2-BE06-8C1C42789870}.AppStore|x86.Build.0 = Debug|Any CPU
		{07F7B4CC-E66E-48F2-BE06-8C1C42789870}.Debug|Any CPU.ActiveCfg = Debug|Any CPU
		{07F7B4CC-E66E-48F2-BE06-8C1C42789870}.Debug|Any CPU.Build.0 = Debug|Any CPU
		{07F7B4CC-E66E-48F2-BE06-8C1C42789870}.Debug|ARM.ActiveCfg = Debug|Any CPU
		{07F7B4CC-E66E-48F2-BE06-8C1C42789870}.Debug|ARM.Build.0 = Debug|Any CPU
		{07F7B4CC-E66E-48F2-BE06-8C1C42789870}.Debug|ARM64.ActiveCfg = Debug|Any CPU
		{07F7B4CC-E66E-48F2-BE06-8C1C42789870}.Debug|ARM64.Build.0 = Debug|Any CPU
		{07F7B4CC-E66E-48F2-BE06-8C1C42789870}.Debug|iPhone.ActiveCfg = Debug|Any CPU
		{07F7B4CC-E66E-48F2-BE06-8C1C42789870}.Debug|iPhone.Build.0 = Debug|Any CPU
		{07F7B4CC-E66E-48F2-BE06-8C1C42789870}.Debug|iPhoneSimulator.ActiveCfg = Debug|Any CPU
		{07F7B4CC-E66E-48F2-BE06-8C1C42789870}.Debug|iPhoneSimulator.Build.0 = Debug|Any CPU
		{07F7B4CC-E66E-48F2-BE06-8C1C42789870}.Debug|x64.ActiveCfg = Debug|Any CPU
		{07F7B4CC-E66E-48F2-BE06-8C1C42789870}.Debug|x64.Build.0 = Debug|Any CPU
		{07F7B4CC-E66E-48F2-BE06-8C1C42789870}.Debug|x86.ActiveCfg = Debug|Any CPU
		{07F7B4CC-E66E-48F2-BE06-8C1C42789870}.Debug|x86.Build.0 = Debug|Any CPU
		{07F7B4CC-E66E-48F2-BE06-8C1C42789870}.Release|Any CPU.ActiveCfg = Release|Any CPU
		{07F7B4CC-E66E-48F2-BE06-8C1C42789870}.Release|Any CPU.Build.0 = Release|Any CPU
		{07F7B4CC-E66E-48F2-BE06-8C1C42789870}.Release|ARM.ActiveCfg = Release|Any CPU
		{07F7B4CC-E66E-48F2-BE06-8C1C42789870}.Release|ARM.Build.0 = Release|Any CPU
		{07F7B4CC-E66E-48F2-BE06-8C1C42789870}.Release|ARM64.ActiveCfg = Release|Any CPU
		{07F7B4CC-E66E-48F2-BE06-8C1C42789870}.Release|ARM64.Build.0 = Release|Any CPU
		{07F7B4CC-E66E-48F2-BE06-8C1C42789870}.Release|iPhone.ActiveCfg = Release|Any CPU
		{07F7B4CC-E66E-48F2-BE06-8C1C42789870}.Release|iPhone.Build.0 = Release|Any CPU
		{07F7B4CC-E66E-48F2-BE06-8C1C42789870}.Release|iPhoneSimulator.ActiveCfg = Release|Any CPU
		{07F7B4CC-E66E-48F2-BE06-8C1C42789870}.Release|iPhoneSimulator.Build.0 = Release|Any CPU
		{07F7B4CC-E66E-48F2-BE06-8C1C42789870}.Release|x64.ActiveCfg = Release|Any CPU
		{07F7B4CC-E66E-48F2-BE06-8C1C42789870}.Release|x64.Build.0 = Release|Any CPU
		{07F7B4CC-E66E-48F2-BE06-8C1C42789870}.Release|x86.ActiveCfg = Release|Any CPU
		{07F7B4CC-E66E-48F2-BE06-8C1C42789870}.Release|x86.Build.0 = Release|Any CPU
		{E9E1B65A-D98E-4246-A254-0CA59FAE4A99}.Ad-Hoc|Any CPU.ActiveCfg = Debug|Any CPU
		{E9E1B65A-D98E-4246-A254-0CA59FAE4A99}.Ad-Hoc|Any CPU.Build.0 = Debug|Any CPU
		{E9E1B65A-D98E-4246-A254-0CA59FAE4A99}.Ad-Hoc|ARM.ActiveCfg = Debug|Any CPU
		{E9E1B65A-D98E-4246-A254-0CA59FAE4A99}.Ad-Hoc|ARM.Build.0 = Debug|Any CPU
		{E9E1B65A-D98E-4246-A254-0CA59FAE4A99}.Ad-Hoc|ARM64.ActiveCfg = Debug|Any CPU
		{E9E1B65A-D98E-4246-A254-0CA59FAE4A99}.Ad-Hoc|ARM64.Build.0 = Debug|Any CPU
		{E9E1B65A-D98E-4246-A254-0CA59FAE4A99}.Ad-Hoc|iPhone.ActiveCfg = Debug|Any CPU
		{E9E1B65A-D98E-4246-A254-0CA59FAE4A99}.Ad-Hoc|iPhone.Build.0 = Debug|Any CPU
		{E9E1B65A-D98E-4246-A254-0CA59FAE4A99}.Ad-Hoc|iPhoneSimulator.ActiveCfg = Debug|Any CPU
		{E9E1B65A-D98E-4246-A254-0CA59FAE4A99}.Ad-Hoc|iPhoneSimulator.Build.0 = Debug|Any CPU
		{E9E1B65A-D98E-4246-A254-0CA59FAE4A99}.Ad-Hoc|x64.ActiveCfg = Debug|Any CPU
		{E9E1B65A-D98E-4246-A254-0CA59FAE4A99}.Ad-Hoc|x64.Build.0 = Debug|Any CPU
		{E9E1B65A-D98E-4246-A254-0CA59FAE4A99}.Ad-Hoc|x86.ActiveCfg = Debug|Any CPU
		{E9E1B65A-D98E-4246-A254-0CA59FAE4A99}.Ad-Hoc|x86.Build.0 = Debug|Any CPU
		{E9E1B65A-D98E-4246-A254-0CA59FAE4A99}.AppStore|Any CPU.ActiveCfg = Debug|Any CPU
		{E9E1B65A-D98E-4246-A254-0CA59FAE4A99}.AppStore|Any CPU.Build.0 = Debug|Any CPU
		{E9E1B65A-D98E-4246-A254-0CA59FAE4A99}.AppStore|ARM.ActiveCfg = Debug|Any CPU
		{E9E1B65A-D98E-4246-A254-0CA59FAE4A99}.AppStore|ARM.Build.0 = Debug|Any CPU
		{E9E1B65A-D98E-4246-A254-0CA59FAE4A99}.AppStore|ARM64.ActiveCfg = Debug|Any CPU
		{E9E1B65A-D98E-4246-A254-0CA59FAE4A99}.AppStore|ARM64.Build.0 = Debug|Any CPU
		{E9E1B65A-D98E-4246-A254-0CA59FAE4A99}.AppStore|iPhone.ActiveCfg = Debug|Any CPU
		{E9E1B65A-D98E-4246-A254-0CA59FAE4A99}.AppStore|iPhone.Build.0 = Debug|Any CPU
		{E9E1B65A-D98E-4246-A254-0CA59FAE4A99}.AppStore|iPhoneSimulator.ActiveCfg = Debug|Any CPU
		{E9E1B65A-D98E-4246-A254-0CA59FAE4A99}.AppStore|iPhoneSimulator.Build.0 = Debug|Any CPU
		{E9E1B65A-D98E-4246-A254-0CA59FAE4A99}.AppStore|x64.ActiveCfg = Debug|Any CPU
		{E9E1B65A-D98E-4246-A254-0CA59FAE4A99}.AppStore|x64.Build.0 = Debug|Any CPU
		{E9E1B65A-D98E-4246-A254-0CA59FAE4A99}.AppStore|x86.ActiveCfg = Debug|Any CPU
		{E9E1B65A-D98E-4246-A254-0CA59FAE4A99}.AppStore|x86.Build.0 = Debug|Any CPU
		{E9E1B65A-D98E-4246-A254-0CA59FAE4A99}.Debug|Any CPU.ActiveCfg = Debug|Any CPU
		{E9E1B65A-D98E-4246-A254-0CA59FAE4A99}.Debug|Any CPU.Build.0 = Debug|Any CPU
		{E9E1B65A-D98E-4246-A254-0CA59FAE4A99}.Debug|ARM.ActiveCfg = Debug|Any CPU
		{E9E1B65A-D98E-4246-A254-0CA59FAE4A99}.Debug|ARM.Build.0 = Debug|Any CPU
		{E9E1B65A-D98E-4246-A254-0CA59FAE4A99}.Debug|ARM64.ActiveCfg = Debug|Any CPU
		{E9E1B65A-D98E-4246-A254-0CA59FAE4A99}.Debug|ARM64.Build.0 = Debug|Any CPU
		{E9E1B65A-D98E-4246-A254-0CA59FAE4A99}.Debug|iPhone.ActiveCfg = Debug|Any CPU
		{E9E1B65A-D98E-4246-A254-0CA59FAE4A99}.Debug|iPhone.Build.0 = Debug|Any CPU
		{E9E1B65A-D98E-4246-A254-0CA59FAE4A99}.Debug|iPhoneSimulator.ActiveCfg = Debug|Any CPU
		{E9E1B65A-D98E-4246-A254-0CA59FAE4A99}.Debug|iPhoneSimulator.Build.0 = Debug|Any CPU
		{E9E1B65A-D98E-4246-A254-0CA59FAE4A99}.Debug|x64.ActiveCfg = Debug|Any CPU
		{E9E1B65A-D98E-4246-A254-0CA59FAE4A99}.Debug|x64.Build.0 = Debug|Any CPU
		{E9E1B65A-D98E-4246-A254-0CA59FAE4A99}.Debug|x86.ActiveCfg = Debug|Any CPU
		{E9E1B65A-D98E-4246-A254-0CA59FAE4A99}.Debug|x86.Build.0 = Debug|Any CPU
		{E9E1B65A-D98E-4246-A254-0CA59FAE4A99}.Release|Any CPU.ActiveCfg = Release|Any CPU
		{E9E1B65A-D98E-4246-A254-0CA59FAE4A99}.Release|Any CPU.Build.0 = Release|Any CPU
		{E9E1B65A-D98E-4246-A254-0CA59FAE4A99}.Release|ARM.ActiveCfg = Release|Any CPU
		{E9E1B65A-D98E-4246-A254-0CA59FAE4A99}.Release|ARM.Build.0 = Release|Any CPU
		{E9E1B65A-D98E-4246-A254-0CA59FAE4A99}.Release|ARM64.ActiveCfg = Release|Any CPU
		{E9E1B65A-D98E-4246-A254-0CA59FAE4A99}.Release|ARM64.Build.0 = Release|Any CPU
		{E9E1B65A-D98E-4246-A254-0CA59FAE4A99}.Release|iPhone.ActiveCfg = Release|Any CPU
		{E9E1B65A-D98E-4246-A254-0CA59FAE4A99}.Release|iPhone.Build.0 = Release|Any CPU
		{E9E1B65A-D98E-4246-A254-0CA59FAE4A99}.Release|iPhoneSimulator.ActiveCfg = Release|Any CPU
		{E9E1B65A-D98E-4246-A254-0CA59FAE4A99}.Release|iPhoneSimulator.Build.0 = Release|Any CPU
		{E9E1B65A-D98E-4246-A254-0CA59FAE4A99}.Release|x64.ActiveCfg = Release|Any CPU
		{E9E1B65A-D98E-4246-A254-0CA59FAE4A99}.Release|x64.Build.0 = Release|Any CPU
		{E9E1B65A-D98E-4246-A254-0CA59FAE4A99}.Release|x86.ActiveCfg = Release|Any CPU
		{E9E1B65A-D98E-4246-A254-0CA59FAE4A99}.Release|x86.Build.0 = Release|Any CPU
	EndGlobalSection
	GlobalSection(SolutionProperties) = preSolution
		HideSolutionNode = FALSE
	EndGlobalSection
	GlobalSection(NestedProjects) = preSolution
		{90BDFC0C-C30E-4878-A6E3-C1A914C42D4C} = {29DE0D58-B47C-4987-AB00-6E5588484113}
		{81FE307D-2221-4CEF-9F70-AE16211B47BC} = {29DE0D58-B47C-4987-AB00-6E5588484113}
	EndGlobalSection
	GlobalSection(ExtensibilityGlobals) = postSolution
		SolutionGuid = {8344266A-76EF-444B-BE13-B5766AEB5592}
	EndGlobalSection
EndGlobal
